// !$*UTF8*$!
{
	archiveVersion = 1;
	classes = {
	};
	objectVersion = 50;
	objects = {

/* Begin PBXBuildFile section */
		3704797620B3EB24004B14A6 /* Person.m in Sources */ = {isa = PBXBuildFile; fileRef = 3704797520B3EB24004B14A6 /* Person.m */; };
		376C000120B6A1A5002A6B13 /* iconfont.ttf in Resources */ = {isa = PBXBuildFile; fileRef = 376C000020B6A1A5002A6B13 /* iconfont.ttf */; };
		376CFFC620B562C3002A6B13 /* UIImage+IconFont.m in Sources */ = {isa = PBXBuildFile; fileRef = 376CFFC520B562C3002A6B13 /* UIImage+IconFont.m */; };
		376CFFFF20B69F62002A6B13 /* fontello.ttf in Resources */ = {isa = PBXBuildFile; fileRef = 376CFFFE20B69F62002A6B13 /* fontello.ttf */; };
		37809D8420B2C7C100988125 /* AppDelegate.m in Sources */ = {isa = PBXBuildFile; fileRef = 37809D8320B2C7C100988125 /* AppDelegate.m */; };
		37809D8720B2C7C100988125 /* ViewController.m in Sources */ = {isa = PBXBuildFile; fileRef = 37809D8620B2C7C100988125 /* ViewController.m */; };
		37809D8A20B2C7C100988125 /* Main.storyboard in Resources */ = {isa = PBXBuildFile; fileRef = 37809D8820B2C7C100988125 /* Main.storyboard */; };
		37809D8C20B2C7C200988125 /* Assets.xcassets in Resources */ = {isa = PBXBuildFile; fileRef = 37809D8B20B2C7C200988125 /* Assets.xcassets */; };
		37809D8F20B2C7C200988125 /* LaunchScreen.storyboard in Resources */ = {isa = PBXBuildFile; fileRef = 37809D8D20B2C7C200988125 /* LaunchScreen.storyboard */; };
		37809D9220B2C7C200988125 /* main.m in Sources */ = {isa = PBXBuildFile; fileRef = 37809D9120B2C7C200988125 /* main.m */; };
/* End PBXBuildFile section */

/* Begin PBXFileReference section */
		3704797420B3EB24004B14A6 /* Person.h */ = {isa = PBXFileReference; lastKnownFileType = sourcecode.c.h; path = Person.h; sourceTree = "<group>"; };
		3704797520B3EB24004B14A6 /* Person.m */ = {isa = PBXFileReference; lastKnownFileType = sourcecode.c.objc; path = Person.m; sourceTree = "<group>"; };
		376C000020B6A1A5002A6B13 /* iconfont.ttf */ = {isa = PBXFileReference; lastKnownFileType = file; name = iconfont.ttf; path = font_npfoqd1hqo5ka9k9/iconfont.ttf; sourceTree = "<group>"; };
		376CFFC420B562C3002A6B13 /* UIImage+IconFont.h */ = {isa = PBXFileReference; lastKnownFileType = sourcecode.c.h; path = "UIImage+IconFont.h"; sourceTree = "<group>"; };
		376CFFC520B562C3002A6B13 /* UIImage+IconFont.m */ = {isa = PBXFileReference; lastKnownFileType = sourcecode.c.objc; path = "UIImage+IconFont.m"; sourceTree = "<group>"; };
		376CFFFE20B69F62002A6B13 /* fontello.ttf */ = {isa = PBXFileReference; lastKnownFileType = file; name = fontello.ttf; path = "fontello-0ed7c578/font/fontello.ttf"; sourceTree = "<group>"; };
		37809D7F20B2C7C100988125 /* IconfontDemo001.app */ = {isa = PBXFileReference; explicitFileType = wrapper.application; includeInIndex = 0; path = IconfontDemo001.app; sourceTree = BUILT_PRODUCTS_DIR; };
		37809D8220B2C7C100988125 /* AppDelegate.h */ = {isa = PBXFileReference; lastKnownFileType = sourcecode.c.h; path = AppDelegate.h; sourceTree = "<group>"; };
		37809D8320B2C7C100988125 /* AppDelegate.m */ = {isa = PBXFileReference; lastKnownFileType = sourcecode.c.objc; path = AppDelegate.m; sourceTree = "<group>"; };
		37809D8520B2C7C100988125 /* ViewController.h */ = {isa = PBXFileReference; lastKnownFileType = sourcecode.c.h; path = ViewController.h; sourceTree = "<group>"; };
		37809D8620B2C7C100988125 /* ViewController.m */ = {isa = PBXFileReference; lastKnownFileType = sourcecode.c.objc; path = ViewController.m; sourceTree = "<group>"; };
		37809D8920B2C7C100988125 /* Base */ = {isa = PBXFileReference; lastKnownFileType = file.storyboard; name = Base; path = Base.lproj/Main.storyboard; sourceTree = "<group>"; };
		37809D8B20B2C7C200988125 /* Assets.xcassets */ = {isa = PBXFileReference; lastKnownFileType = folder.assetcatalog; path = Assets.xcassets; sourceTree = "<group>"; };
		37809D8E20B2C7C200988125 /* Base */ = {isa = PBXFileReference; lastKnownFileType = file.storyboard; name = Base; path = Base.lproj/LaunchScreen.storyboard; sourceTree = "<group>"; };
		37809D9020B2C7C200988125 /* Info.plist */ = {isa = PBXFileReference; lastKnownFileType = text.plist.xml; path = Info.plist; sourceTree = "<group>"; };
		37809D9120B2C7C200988125 /* main.m */ = {isa = PBXFileReference; lastKnownFileType = sourcecode.c.objc; path = main.m; sourceTree = "<group>"; };
/* End PBXFileReference section */

/* Begin PBXFrameworksBuildPhase section */
		37809D7C20B2C7C100988125 /* Frameworks */ = {
			isa = PBXFrameworksBuildPhase;
			buildActionMask = 2147483647;
			files = (
			);
			runOnlyForDeploymentPostprocessing = 0;
		};
/* End PBXFrameworksBuildPhase section */

/* Begin PBXGroup section */
		37809D7620B2C7C100988125 = {
			isa = PBXGroup;
			children = (
				37809D8120B2C7C100988125 /* IconfontDemo001 */,
				37809D8020B2C7C100988125 /* Products */,
			);
			sourceTree = "<group>";
		};
		37809D8020B2C7C100988125 /* Products */ = {
			isa = PBXGroup;
			children = (
				37809D7F20B2C7C100988125 /* IconfontDemo001.app */,
			);
			name = Products;
			sourceTree = "<group>";
		};
		37809D8120B2C7C100988125 /* IconfontDemo001 */ = {
			isa = PBXGroup;
			children = (
				376C000020B6A1A5002A6B13 /* iconfont.ttf */,
				376CFFFE20B69F62002A6B13 /* fontello.ttf */,
				37809D8220B2C7C100988125 /* AppDelegate.h */,
				37809D8320B2C7C100988125 /* AppDelegate.m */,
				37809D8520B2C7C100988125 /* ViewController.h */,
				37809D8620B2C7C100988125 /* ViewController.m */,
				3704797420B3EB24004B14A6 /* Person.h */,
				3704797520B3EB24004B14A6 /* Person.m */,
				376CFFC420B562C3002A6B13 /* UIImage+IconFont.h */,
				376CFFC520B562C3002A6B13 /* UIImage+IconFont.m */,
				37809D8820B2C7C100988125 /* Main.storyboard */,
				37809D8B20B2C7C200988125 /* Assets.xcassets */,
				37809D8D20B2C7C200988125 /* LaunchScreen.storyboard */,
				37809D9020B2C7C200988125 /* Info.plist */,
				37809D9120B2C7C200988125 /* main.m */,
			);
			path = IconfontDemo001;
			sourceTree = "<group>";
		};
/* End PBXGroup section */

/* Begin PBXNativeTarget section */
		37809D7E20B2C7C100988125 /* IconfontDemo001 */ = {
			isa = PBXNativeTarget;
			buildConfigurationList = 37809D9520B2C7C200988125 /* Build configuration list for PBXNativeTarget "IconfontDemo001" */;
			buildPhases = (
				37809D7B20B2C7C100988125 /* Sources */,
				37809D7C20B2C7C100988125 /* Frameworks */,
				37809D7D20B2C7C100988125 /* Resources */,
			);
			buildRules = (
			);
			dependencies = (
			);
			name = IconfontDemo001;
			productName = IconfontDemo001;
			productReference = 37809D7F20B2C7C100988125 /* IconfontDemo001.app */;
			productType = "com.apple.product-type.application";
		};
/* End PBXNativeTarget section */

/* Begin PBXProject section */
		37809D7720B2C7C100988125 /* Project object */ = {
			isa = PBXProject;
			attributes = {
				LastUpgradeCheck = 0930;
				ORGANIZATIONNAME = zhangyan;
				TargetAttributes = {
					37809D7E20B2C7C100988125 = {
						CreatedOnToolsVersion = 9.3;
					};
				};
			};
			buildConfigurationList = 37809D7A20B2C7C100988125 /* Build configuration list for PBXProject "IconfontDemo001" */;
			compatibilityVersion = "Xcode 9.3";
			developmentRegion = en;
			hasScannedForEncodings = 0;
			knownRegions = (
				en,
				Base,
			);
			mainGroup = 37809D7620B2C7C100988125;
			productRefGroup = 37809D8020B2C7C100988125 /* Products */;
			projectDirPath = "";
			projectRoot = "";
			targets = (
				37809D7E20B2C7C100988125 /* IconfontDemo001 */,
			);
		};
/* End PBXProject section */

/* Begin PBXResourcesBuildPhase section */
		37809D7D20B2C7C100988125 /* Resources */ = {
			isa = PBXResourcesBuildPhase;
			buildActionMask = 2147483647;
			files = (
				37809D8F20B2C7C200988125 /* LaunchScreen.storyboard in Resources */,
				37809D8C20B2C7C200988125 /* Assets.xcassets in Resources */,
				37809D8A20B2C7C100988125 /* Main.storyboard in Resources */,
				376C000120B6A1A5002A6B13 /* iconfont.ttf in Resources */,
				376CFFFF20B69F62002A6B13 /* fontello.ttf in Resources */,
			);
			runOnlyForDeploymentPostprocessing = 0;
		};
/* End PBXResourcesBuildPhase section */

/* Begin PBXSourcesBuildPhase section */
		37809D7B20B2C7C100988125 /* Sources */ = {
			isa = PBXSourcesBuildPhase;
			buildActionMask = 2147483647;
			files = (
				37809D8720B2C7C100988125 /* ViewController.m in Sources */,
				37809D9220B2C7C200988125 /* main.m in Sources */,
				3704797620B3EB24004B14A6 /* Person.m in Sources */,
				37809D8420B2C7C100988125 /* AppDelegate.m in Sources */,
				376CFFC620B562C3002A6B13 /* UIImage+IconFont.m in Sources */,
			);
			runOnlyForDeploymentPostprocessing = 0;
		};
/* End PBXSourcesBuildPhase section */

/* Begin PBXVariantGroup section */
		37809D8820B2C7C100988125 /* Main.storyboard */ = {
			isa = PBXVariantGroup;
			children = (
				37809D8920B2C7C100988125 /* Base */,
			);
			name = Main.storyboard;
			sourceTree = "<group>";
		};
		37809D8D20B2C7C200988125 /* LaunchScreen.storyboard */ = {
			isa = PBXVariantGroup;
			children = (
				37809D8E20B2C7C200988125 /* Base */,
			);
			name = LaunchScreen.storyboard;
			sourceTree = "<group>";
		};
/* End PBXVariantGroup section */

/* Begin XCBuildConfiguration section */
		37809D9320B2C7C200988125 /* Debug */ = {
			isa = XCBuildConfiguration;
			buildSettings = {
				ALWAYS_SEARCH_USER_PATHS = NO;
				CLANG_ANALYZER_NONNULL = YES;
				CLANG_ANALYZER_NUMBER_OBJECT_CONVERSION = YES_AGGRESSIVE;
				CLANG_CXX_LANGUAGE_STANDARD = "gnu++14";
				CLANG_CXX_LIBRARY = "libc++";
				CLANG_ENABLE_MODULES = YES;
				CLANG_ENABLE_OBJC_ARC = YES;
				CLANG_ENABLE_OBJC_WEAK = YES;
				CLANG_WARN_BLOCK_CAPTURE_AUTORELEASING = YES;
				CLANG_WARN_BOOL_CONVERSION = YES;
				CLANG_WARN_COMMA = YES;
				CLANG_WARN_CONSTANT_CONVERSION = YES;
				CLANG_WARN_DEPRECATED_OBJC_IMPLEMENTATIONS = YES;
				CLANG_WARN_DIRECT_OBJC_ISA_USAGE = YES_ERROR;
				CLANG_WARN_DOCUMENTATION_COMMENTS = YES;
				CLANG_WARN_EMPTY_BODY = YES;
				CLANG_WARN_ENUM_CONVERSION = YES;
				CLANG_WARN_INFINITE_RECURSION = YES;
				CLANG_WARN_INT_CONVERSION = YES;
				CLANG_WARN_NON_LITERAL_NULL_CONVERSION = YES;
				CLANG_WARN_OBJC_IMPLICIT_RETAIN_SELF = YES;
				CLANG_WARN_OBJC_LITERAL_CONVERSION = YES;
				CLANG_WARN_OBJC_ROOT_CLASS = YES_ERROR;
				CLANG_WARN_RANGE_LOOP_ANALYSIS = YES;
				CLANG_WARN_STRICT_PROTOTYPES = YES;
				CLANG_WARN_SUSPICIOUS_MOVE = YES;
				CLANG_WARN_UNGUARDED_AVAILABILITY = YES_AGGRESSIVE;
				CLANG_WARN_UNREACHABLE_CODE = YES;
				CLANG_WARN__DUPLICATE_METHOD_MATCH = YES;
				CODE_SIGN_IDENTITY = "iPhone Developer";
				COPY_PHASE_STRIP = NO;
				DEBUG_INFORMATION_FORMAT = dwarf;
				ENABLE_STRICT_OBJC_MSGSEND = YES;
				ENABLE_TESTABILITY = YES;
				GCC_C_LANGUAGE_STANDARD = gnu11;
				GCC_DYNAMIC_NO_PIC = NO;
				GCC_NO_COMMON_BLOCKS = YES;
				GCC_OPTIMIZATION_LEVEL = 0;
				GCC_PREPROCESSOR_DEFINITIONS = (
					"DEBUG=1",
					"$(inherited)",
				);
				GCC_WARN_64_TO_32_BIT_CONVERSION = YES;
				GCC_WARN_ABOUT_RETURN_TYPE = YES_ERROR;
				GCC_WARN_UNDECLARED_SELECTOR = YES;
				GCC_WARN_UNINITIALIZED_AUTOS = YES_AGGRESSIVE;
				GCC_WARN_UNUSED_FUNCTION = YES;
				GCC_WARN_UNUSED_VARIABLE = YES;
				IPHONEOS_DEPLOYMENT_TARGET = 11.3;
				MTL_ENABLE_DEBUG_INFO = YES;
				ONLY_ACTIVE_ARCH = YES;
				SDKROOT = iphoneos;
			};
			name = Debug;
		};
		37809D9420B2C7C200988125 /* Release */ = {
			isa = XCBuildConfiguration;
			buildSettings = {
				ALWAYS_SEARCH_USER_PATHS = NO;
				CLANG_ANALYZER_NONNULL = YES;
				CLANG_ANALYZER_NUMBER_OBJECT_CONVERSION = YES_AGGRESSIVE;
				CLANG_CXX_LANGUAGE_STANDARD = "gnu++14";
				CLANG_CXX_LIBRARY = "libc++";
				CLANG_ENABLE_MODULES = YES;
				CLANG_ENABLE_OBJC_ARC = YES;
				CLANG_ENABLE_OBJC_WEAK = YES;
				CLANG_WARN_BLOCK_CAPTURE_AUTORELEASING = YES;
				CLANG_WARN_BOOL_CONVERSION = YES;
				CLANG_WARN_COMMA = YES;
				CLANG_WARN_CONSTANT_CONVERSION = YES;
				CLANG_WARN_DEPRECATED_OBJC_IMPLEMENTATIONS = YES;
				CLANG_WARN_DIRECT_OBJC_ISA_USAGE = YES_ERROR;
				CLANG_WARN_DOCUMENTATION_COMMENTS = YES;
				CLANG_WARN_EMPTY_BODY = YES;
				CLANG_WARN_ENUM_CONVERSION = YES;
				CLANG_WARN_INFINITE_RECURSION = YES;
				CLANG_WARN_INT_CONVERSION = YES;
				CLANG_WARN_NON_LITERAL_NULL_CONVERSION = YES;
				CLANG_WARN_OBJC_IMPLICIT_RETAIN_SELF = YES;
				CLANG_WARN_OBJC_LITERAL_CONVERSION = YES;
				CLANG_WARN_OBJC_ROOT_CLASS = YES_ERROR;
				CLANG_WARN_RANGE_LOOP_ANALYSIS = YES;
				CLANG_WARN_STRICT_PROTOTYPES = YES;
				CLANG_WARN_SUSPICIOUS_MOVE = YES;
				CLANG_WARN_UNGUARDED_AVAILABILITY = YES_AGGRESSIVE;
				CLANG_WARN_UNREACHABLE_CODE = YES;
				CLANG_WARN__DUPLICATE_METHOD_MATCH = YES;
				CODE_SIGN_IDENTITY = "iPhone Developer";
				COPY_PHASE_STRIP = NO;
				DEBUG_INFORMATION_FORMAT = "dwarf-with-dsym";
				ENABLE_NS_ASSERTIONS = NO;
				ENABLE_STRICT_OBJC_MSGSEND = YES;
				GCC_C_LANGUAGE_STANDARD = gnu11;
				GCC_NO_COMMON_BLOCKS = YES;
				GCC_WARN_64_TO_32_BIT_CONVERSION = YES;
				GCC_WARN_ABOUT_RETURN_TYPE = YES_ERROR;
				GCC_WARN_UNDECLARED_SELECTOR = YES;
				GCC_WARN_UNINITIALIZED_AUTOS = YES_AGGRESSIVE;
				GCC_WARN_UNUSED_FUNCTION = YES;
				GCC_WARN_UNUSED_VARIABLE = YES;
				IPHONEOS_DEPLOYMENT_TARGET = 11.3;
				MTL_ENABLE_DEBUG_INFO = NO;
				SDKROOT = iphoneos;
				VALIDATE_PRODUCT = YES;
			};
			name = Release;
		};
		37809D9620B2C7C200988125 /* Debug */ = {
			isa = XCBuildConfiguration;
			buildSettings = {
				ASSETCATALOG_COMPILER_APPICON_NAME = AppIcon;
				CODE_SIGN_STYLE = Automatic;
				DEVELOPMENT_TEAM = HJN37M6PS7;
				INFOPLIST_FILE = IconfontDemo001/Info.plist;
				LD_RUNPATH_SEARCH_PATHS = (
					"$(inherited)",
					"@executable_path/Frameworks",
				);
				PRODUCT_BUNDLE_IDENTIFIER = com.58.JR.IconfontDemo001;
				PRODUCT_NAME = "$(TARGET_NAME)";
				TARGETED_DEVICE_FAMILY = "1,2";
			};
			name = Debug;
		};
		37809D9720B2C7C200988125 /* Release */ = {
			isa = XCBuildConfiguration;
			buildSettings = {
				ASSETCATALOG_COMPILER_APPICON_NAME = AppIcon;
				CODE_SIGN_STYLE = Automatic;
				DEVELOPMENT_TEAM = HJN37M6PS7;
				INFOPLIST_FILE = IconfontDemo001/Info.plist;
				LD_RUNPATH_SEARCH_PATHS = (
					"$(inherited)",
					"@executable_path/Frameworks",
				);
				PRODUCT_BUNDLE_IDENTIFIER = com.58.JR.IconfontDemo001;
				PRODUCT_NAME = "$(TARGET_NAME)";
				TARGETED_DEVICE_FAMILY = "1,2";
			};
			name = Release;
		};
/* End XCBuildConfiguration section */

/* Begin XCConfigurationList section */
		37809D7A20B2C7C100988125 /* Build configuration list for PBXProject "IconfontDemo001" */ = {
			isa = XCConfigurationList;
			buildConfigurations = (
				37809D9320B2C7C200988125 /* Debug */,
				37809D9420B2C7C200988125 /* Release */,
			);
			defaultConfigurationIsVisible = 0;
			defaultConfigurationName = Release;
		};
		37809D9520B2C7C200988125 /* Build configuration list for PBXNativeTarget "IconfontDemo001" */ = {
			isa = XCConfigurationList;
			buildConfigurations = (
				37809D9620B2C7C200988125 /* Debug */,
				37809D9720B2C7C200988125 /* Release */,
			);
			defaultConfigurationIsVisible = 0;
			defaultConfigurationName = Release;
		};
/* End XCConfigurationList section */
	};
	rootObject = 37809D7720B2C7C100988125 /* Project object */;
}
